
Microsoft Visual Studio Solution File, Format Version 12.00
# Visual Studio 15
VisualStudioVersion = 15.0.28307.168
MinimumVisualStudioVersion = 10.0.40219.1
Project("{FAE04EC0-301F-11D3-BF4B-00C04F79EFBC}") = "Entidade", "Entidade\Entidade.csproj", "{F88F2301-FB2F-4333-8F09-D0244C5D0E86}"
EndProject
Project("{FAE04EC0-301F-11D3-BF4B-00C04F79EFBC}") = "Business", "Business\Business.csproj", "{2EC82EF0-4B93-4BFB-A74D-0D2F55611083}"
EndProject
Project("{FAE04EC0-301F-11D3-BF4B-00C04F79EFBC}") = "DAL", "DAL\DAL.csproj", "{C3CC333E-F7C8-4B43-B7B8-911E94F08A2A}"
EndProject
Project("{FAE04EC0-301F-11D3-BF4B-00C04F79EFBC}") = "WindowsFormsInterface", "WindowsFormsInterface\WindowsFormsInterface.csproj", "{8BEC0C20-42D8-4678-A8CA-CA1A71A6FECD}"
EndProject
Project("{FAE04EC0-301F-11D3-BF4B-00C04F79EFBC}") = "WebApplicationInterfaceXPTO", "WebApplicationInterfaceXPTO\WebApplicationInterfaceXPTO.csproj", "{3554453F-5BAE-40DB-9FFF-06413664692F}"
EndProject
Global
	GlobalSection(SolutionConfigurationPlatforms) = preSolution
		Debug|Any CPU = Debug|Any CPU
		Release|Any CPU = Release|Any CPU
	EndGlobalSection
	GlobalSection(ProjectConfigurationPlatforms) = postSolution
		{F88F2301-FB2F-4333-8F09-D0244C5D0E86}.Debug|Any CPU.ActiveCfg = Debug|Any CPU
		{F88F2301-FB2F-4333-8F09-D0244C5D0E86}.Debug|Any CPU.Build.0 = Debug|Any CPU
		{F88F2301-FB2F-4333-8F09-D0244C5D0E86}.Release|Any CPU.ActiveCfg = Release|Any CPU
		{F88F2301-FB2F-4333-8F09-D0244C5D0E86}.Release|Any CPU.Build.0 = Release|Any CPU
		{2EC82EF0-4B93-4BFB-A74D-0D2F55611083}.Debug|Any CPU.ActiveCfg = Debug|Any CPU
		{2EC82EF0-4B93-4BFB-A74D-0D2F55611083}.Debug|Any CPU.Build.0 = Debug|Any CPU
		{2EC82EF0-4B93-4BFB-A74D-0D2F55611083}.Release|Any CPU.ActiveCfg = Release|Any CPU
		{2EC82EF0-4B93-4BFB-A74D-0D2F55611083}.Release|Any CPU.Build.0 = Release|Any CPU
		{C3CC333E-F7C8-4B43-B7B8-911E94F08A2A}.Debug|Any CPU.ActiveCfg = Debug|Any CPU
		{C3CC333E-F7C8-4B43-B7B8-911E94F08A2A}.Debug|Any CPU.Build.0 = Debug|Any CPU
		{C3CC333E-F7C8-4B43-B7B8-911E94F08A2A}.Release|Any CPU.ActiveCfg = Release|Any CPU
		{C3CC333E-F7C8-4B43-B7B8-911E94F08A2A}.Release|Any CPU.Build.0 = Release|Any CPU
		{8BEC0C20-42D8-4678-A8CA-CA1A71A6FECD}.Debug|Any CPU.ActiveCfg = Debug|Any CPU
		{8BEC0C20-42D8-4678-A8CA-CA1A71A6FECD}.Debug|Any CPU.Build.0 = Debug|Any CPU
		{8BEC0C20-42D8-4678-A8CA-CA1A71A6FECD}.Release|Any CPU.ActiveCfg = Release|Any CPU
		{8BEC0C20-42D8-4678-A8CA-CA1A71A6FECD}.Release|Any CPU.Build.0 = Release|Any CPU
		{3554453F-5BAE-40DB-9FFF-06413664692F}.Debug|Any CPU.ActiveCfg = Debug|Any CPU
		{3554453F-5BAE-40DB-9FFF-06413664692F}.Debug|Any CPU.Build.0 = Debug|Any CPU
		{3554453F-5BAE-40DB-9FFF-06413664692F}.Release|Any CPU.ActiveCfg = Release|Any CPU
		{3554453F-5BAE-40DB-9FFF-06413664692F}.Release|Any CPU.Build.0 = Release|Any CPU
	EndGlobalSection
	GlobalSection(SolutionProperties) = preSolution
		HideSolutionNode = FALSE
	EndGlobalSection
	GlobalSection(ExtensibilityGlobals) = postSolution
		SolutionGuid = {78A24C86-48B0-4764-94FD-5424954AE1DC}
	EndGlobalSection
EndGlobal
